
Microsoft Visual Studio Solution File, Format Version 12.00
# Visual Studio Version 17
VisualStudioVersion = 17.9.34701.34
MinimumVisualStudioVersion = 10.0.40219.1
Project("{9A19103F-16F7-4668-BE54-9A1E7A4F7556}") = "SimpleBlog", "SimpleBlog\SimpleBlog.csproj", "{8B7A4EB6-EB88-4EF5-B62E-5E26FFA7E72B}"
EndProject
Project("{FAE04EC0-301F-11D3-BF4B-00C04F79EFBC}") = "SimpleBlog.Tests", "SimpleBlog.Tests\SimpleBlog.Tests.csproj", "{C4D73D87-EF62-4F96-9356-C4170AB0EFD1}"
EndProject
Global
	GlobalSection(SolutionConfigurationPlatforms) = preSolution
		Debug|Any CPU = Debug|Any CPU
		Release|Any CPU = Release|Any CPU
	EndGlobalSection
	GlobalSection(ProjectConfigurationPlatforms) = postSolution
		{8B7A4EB6-EB88-4EF5-B62E-5E26FFA7E72B}.Debug|Any CPU.ActiveCfg = Debug|Any CPU
		{8B7A4EB6-EB88-4EF5-B62E-5E26FFA7E72B}.Debug|Any CPU.Build.0 = Debug|Any CPU
		{8B7A4EB6-EB88-4EF5-B62E-5E26FFA7E72B}.Release|Any CPU.ActiveCfg = Release|Any CPU
		{8B7A4EB6-EB88-4EF5-B62E-5E26FFA7E72B}.Release|Any CPU.Build.0 = Release|Any CPU
		{C4D73D87-EF62-4F96-9356-C4170AB0EFD1}.Debug|Any CPU.ActiveCfg = Debug|Any CPU
		{C4D73D87-EF62-4F96-9356-C4170AB0EFD1}.Debug|Any CPU.Build.0 = Debug|Any CPU
		{C4D73D87-EF62-4F96-9356-C4170AB0EFD1}.Release|Any CPU.ActiveCfg = Release|Any CPU
		{C4D73D87-EF62-4F96-9356-C4170AB0EFD1}.Release|Any CPU.Build.0 = Release|Any CPU
	EndGlobalSection
	GlobalSection(SolutionProperties) = preSolution
		HideSolutionNode = FALSE
	EndGlobalSection
	GlobalSection(ExtensibilityGlobals) = postSolution
		SolutionGuid = {45FBACA2-3636-4A7E-89EB-C141AD3E1010}
	EndGlobalSection
EndGlobal
